
Microsoft Visual Studio Solution File, Format Version 12.00
# Visual Studio Version 17
VisualStudioVersion = 17.10.35122.118
MinimumVisualStudioVersion = 10.0.40219.1

Project("{8BC9CEB8-8B4A-11D0-8D11-00A0C91BC942}") = "Base64", "External\Base64\Base64.vcxproj", "{A1B2C3D4-E5F6-7890-ABCD-EF1234567890}"
EndProject
Project("{8BC9CEB8-8B4A-11D0-8D11-00A0C91BC942}") = "JSON", "External\JSON\JSON.vcxproj", "{B2C3D4E5-F678-90AB-CDEF-123456789ABC}"
EndProject
Project("{8BC9CEB8-8B4A-11D0-8D11-00A0C91BC942}") = "HTTP", "External\HTTP\HTTP.vcxproj", "{C3D4E5F6-7890-ABCD-EF12-3456789ABCDE}"
EndProject
Project("{8BC9CEB8-8B4A-11D0-8D11-00A0C91BC942}") = "HAPPlatform_Windows", "PAL\Windows\HAPPlatform_Windows.vcxproj", "{D4E5F678-90AB-CDEF-1234-56789ABCDEF0}"
	ProjectSection(ProjectDependencies) = postProject
		{A1B2C3D4-E5F6-7890-ABCD-EF1234567890} = {A1B2C3D4-E5F6-7890-ABCD-EF1234567890}
		{B2C3D4E5-F678-90AB-CDEF-123456789ABC} = {B2C3D4E5-F678-90AB-CDEF-123456789ABC}
	EndProjectSection
EndProject
Project("{8BC9CEB8-8B4A-11D0-8D11-00A0C91BC942}") = "HAP", "HAP\HAP.vcxproj", "{E5F67890-ABCD-EF12-3456-789ABCDEF012}"
	ProjectSection(ProjectDependencies) = postProject
		{D4E5F678-90AB-CDEF-1234-56789ABCDEF0} = {D4E5F678-90AB-CDEF-1234-56789ABCDEF0}
		{A1B2C3D4-E5F6-7890-ABCD-EF1234567890} = {A1B2C3D4-E5F6-7890-ABCD-EF1234567890}
		{B2C3D4E5-F678-90AB-CDEF-123456789ABC} = {B2C3D4E5-F678-90AB-CDEF-123456789ABC}
		{C3D4E5F6-7890-ABCD-EF12-3456789ABCDE} = {C3D4E5F6-7890-ABCD-EF12-3456789ABCDE}
	EndProjectSection
EndProject
Project("{8BC9CEB8-8B4A-11D0-8D11-00A0C91BC942}") = "Lightbulb", "Applications\Lightbulb\Lightbulb.vcxproj", "{F6789ABC-DEF0-1234-5678-9ABCDEF01234}"
	ProjectSection(ProjectDependencies) = postProject
		{E5F67890-ABCD-EF12-3456-789ABCDEF012} = {E5F67890-ABCD-EF12-3456-789ABCDEF012}
	EndProjectSection
EndProject
Project("{8BC9CEB8-8B4A-11D0-8D11-00A0C91BC942}") = "Lock", "Applications\Lock\Lock.vcxproj", "{0789ABCD-EF01-2345-6789-ABCDEF012345}"
	ProjectSection(ProjectDependencies) = postProject
		{E5F67890-ABCD-EF12-3456-789ABCDEF012} = {E5F67890-ABCD-EF12-3456-789ABCDEF012}
	EndProjectSection
EndProject
Project("{2150E333-8FDC-42A3-9474-1A3956D46DE8}") = "External", "External", "{89ABCDEF-0123-4567-89AB-CDEF01234567}"
EndProject
Project("{2150E333-8FDC-42A3-9474-1A3956D46DE8}") = "Applications", "Applications", "{9ABCDEF0-1234-5678-9ABC-DEF012345678}"
EndProject
Project("{2150E333-8FDC-42A3-9474-1A3956D46DE8}") = "Solution Items", "Solution Items", "{ABCDEF01-2345-6789-ABCD-EF0123456789}"
	ProjectSection(SolutionItems) = preProject
		BUILD_WINDOWS.md = BUILD_WINDOWS.md
		CMakeLists.txt = CMakeLists.txt
		CMakePresets.json = CMakePresets.json
		README.md = README.md
		vcpkg.json = vcpkg.json
		WINDOWS_PORT_FINAL_DELIVERY.md = WINDOWS_PORT_FINAL_DELIVERY.md
	EndProjectSection
EndProject
Global
	GlobalSection(SolutionConfigurationPlatforms) = preSolution
		Debug|x64 = Debug|x64
		Release|x64 = Release|x64
		Debug-BLE|x64 = Debug-BLE|x64
		Release-BLE|x64 = Release-BLE|x64
	EndGlobalSection
	GlobalSection(ProjectConfigurationPlatforms) = postSolution
		{A1B2C3D4-E5F6-7890-ABCD-EF1234567890}.Debug|x64.ActiveCfg = Debug|x64
		{A1B2C3D4-E5F6-7890-ABCD-EF1234567890}.Debug|x64.Build.0 = Debug|x64
		{A1B2C3D4-E5F6-7890-ABCD-EF1234567890}.Release|x64.ActiveCfg = Release|x64
		{A1B2C3D4-E5F6-7890-ABCD-EF1234567890}.Release|x64.Build.0 = Release|x64
		{A1B2C3D4-E5F6-7890-ABCD-EF1234567890}.Debug-BLE|x64.ActiveCfg = Debug|x64
		{A1B2C3D4-E5F6-7890-ABCD-EF1234567890}.Debug-BLE|x64.Build.0 = Debug|x64
		{A1B2C3D4-E5F6-7890-ABCD-EF1234567890}.Release-BLE|x64.ActiveCfg = Release|x64
		{A1B2C3D4-E5F6-7890-ABCD-EF1234567890}.Release-BLE|x64.Build.0 = Release|x64
		{B2C3D4E5-F678-90AB-CDEF-123456789ABC}.Debug|x64.ActiveCfg = Debug|x64
		{B2C3D4E5-F678-90AB-CDEF-123456789ABC}.Debug|x64.Build.0 = Debug|x64
		{B2C3D4E5-F678-90AB-CDEF-123456789ABC}.Release|x64.ActiveCfg = Release|x64
		{B2C3D4E5-F678-90AB-CDEF-123456789ABC}.Release|x64.Build.0 = Release|x64
		{B2C3D4E5-F678-90AB-CDEF-123456789ABC}.Debug-BLE|x64.ActiveCfg = Debug|x64
		{B2C3D4E5-F678-90AB-CDEF-123456789ABC}.Debug-BLE|x64.Build.0 = Debug|x64
		{B2C3D4E5-F678-90AB-CDEF-123456789ABC}.Release-BLE|x64.ActiveCfg = Release|x64
		{B2C3D4E5-F678-90AB-CDEF-123456789ABC}.Release-BLE|x64.Build.0 = Release|x64
		{C3D4E5F6-7890-ABCD-EF12-3456789ABCDE}.Debug|x64.ActiveCfg = Debug|x64
		{C3D4E5F6-7890-ABCD-EF12-3456789ABCDE}.Debug|x64.Build.0 = Debug|x64
		{C3D4E5F6-7890-ABCD-EF12-3456789ABCDE}.Release|x64.ActiveCfg = Release|x64
		{C3D4E5F6-7890-ABCD-EF12-3456789ABCDE}.Release|x64.Build.0 = Release|x64
		{C3D4E5F6-7890-ABCD-EF12-3456789ABCDE}.Debug-BLE|x64.ActiveCfg = Debug|x64
		{C3D4E5F6-7890-ABCD-EF12-3456789ABCDE}.Debug-BLE|x64.Build.0 = Debug|x64
		{C3D4E5F6-7890-ABCD-EF12-3456789ABCDE}.Release-BLE|x64.ActiveCfg = Release|x64
		{C3D4E5F6-7890-ABCD-EF12-3456789ABCDE}.Release-BLE|x64.Build.0 = Release|x64
		{D4E5F678-90AB-CDEF-1234-56789ABCDEF0}.Debug|x64.ActiveCfg = Debug|x64
		{D4E5F678-90AB-CDEF-1234-56789ABCDEF0}.Debug|x64.Build.0 = Debug|x64
		{D4E5F678-90AB-CDEF-1234-56789ABCDEF0}.Release|x64.ActiveCfg = Release|x64
		{D4E5F678-90AB-CDEF-1234-56789ABCDEF0}.Release|x64.Build.0 = Release|x64
		{D4E5F678-90AB-CDEF-1234-56789ABCDEF0}.Debug-BLE|x64.ActiveCfg = Debug|x64
		{D4E5F678-90AB-CDEF-1234-56789ABCDEF0}.Debug-BLE|x64.Build.0 = Debug|x64
		{D4E5F678-90AB-CDEF-1234-56789ABCDEF0}.Debug-BLE|x64.Build.0 = Debug|x64
		{D4E5F678-90AB-CDEF-1234-56789ABCDEF0}.Release-BLE|x64.ActiveCfg = Release|x64
		{D4E5F678-90AB-CDEF-1234-56789ABCDEF0}.Release-BLE|x64.Build.0 = Release|x64
		{E5F67890-ABCD-EF12-3456-789ABCDEF012}.Debug|x64.ActiveCfg = Debug|x64
		{E5F67890-ABCD-EF12-3456-789ABCDEF012}.Debug|x64.Build.0 = Debug|x64
		{E5F67890-ABCD-EF12-3456-789ABCDEF012}.Release|x64.ActiveCfg = Release|x64
		{E5F67890-ABCD-EF12-3456-789ABCDEF012}.Release|x64.Build.0 = Release|x64
		{E5F67890-ABCD-EF12-3456-789ABCDEF012}.Debug-BLE|x64.ActiveCfg = Debug|x64
		{E5F67890-ABCD-EF12-3456-789ABCDEF012}.Debug-BLE|x64.Build.0 = Debug|x64
		{E5F67890-ABCD-EF12-3456-789ABCDEF012}.Release-BLE|x64.ActiveCfg = Release|x64
		{E5F67890-ABCD-EF12-3456-789ABCDEF012}.Release-BLE|x64.Build.0 = Release|x64
		{F6789ABC-DEF0-1234-5678-9ABCDEF01234}.Debug|x64.ActiveCfg = Debug|x64
		{F6789ABC-DEF0-1234-5678-9ABCDEF01234}.Debug|x64.Build.0 = Debug|x64
		{F6789ABC-DEF0-1234-5678-9ABCDEF01234}.Release|x64.ActiveCfg = Release|x64
		{F6789ABC-DEF0-1234-5678-9ABCDEF01234}.Release|x64.Build.0 = Release|x64
		{F6789ABC-DEF0-1234-5678-9ABCDEF01234}.Debug-BLE|x64.ActiveCfg = Debug|x64
		{F6789ABC-DEF0-1234-5678-9ABCDEF01234}.Debug-BLE|x64.Build.0 = Debug|x64
		{F6789ABC-DEF0-1234-5678-9ABCDEF01234}.Release-BLE|x64.ActiveCfg = Release|x64
		{F6789ABC-DEF0-1234-5678-9ABCDEF01234}.Release-BLE|x64.Build.0 = Release|x64
		{0789ABCD-EF01-2345-6789-ABCDEF012345}.Debug|x64.ActiveCfg = Debug|x64
		{0789ABCD-EF01-2345-6789-ABCDEF012345}.Debug|x64.Build.0 = Debug|x64
		{0789ABCD-EF01-2345-6789-ABCDEF012345}.Release|x64.ActiveCfg = Release|x64
		{0789ABCD-EF01-2345-6789-ABCDEF012345}.Release|x64.Build.0 = Release|x64
		{0789ABCD-EF01-2345-6789-ABCDEF012345}.Debug-BLE|x64.ActiveCfg = Debug|x64
		{0789ABCD-EF01-2345-6789-ABCDEF012345}.Debug-BLE|x64.Build.0 = Debug|x64
		{0789ABCD-EF01-2345-6789-ABCDEF012345}.Release-BLE|x64.ActiveCfg = Release|x64
		{0789ABCD-EF01-2345-6789-ABCDEF012345}.Release-BLE|x64.Build.0 = Release|x64
	EndGlobalSection
	GlobalSection(SolutionProperties) = preSolution
		HideSolutionNode = FALSE
	EndGlobalSection
	GlobalSection(NestedProjects) = preSolution
		{A1B2C3D4-E5F6-7890-ABCD-EF1234567890} = {89ABCDEF-0123-4567-89AB-CDEF01234567}
		{B2C3D4E5-F678-90AB-CDEF-123456789ABC} = {89ABCDEF-0123-4567-89AB-CDEF01234567}
		{C3D4E5F6-7890-ABCD-EF12-3456789ABCDE} = {89ABCDEF-0123-4567-89AB-CDEF01234567}
		{F6789ABC-DEF0-1234-5678-9ABCDEF01234} = {9ABCDEF0-1234-5678-9ABC-DEF012345678}
		{0789ABCD-EF01-2345-6789-ABCDEF012345} = {9ABCDEF0-1234-5678-9ABC-DEF012345678}
	EndGlobalSection
	GlobalSection(ExtensibilityGlobals) = postSolution
		SolutionGuid = {12345678-90AB-CDEF-0123-456789ABCDEF}
	EndGlobalSection
EndGlobal
